
Microsoft Visual Studio Solution File, Format Version 11.00
# Visual Studio 2010
Project("{8BC9CEB8-8B4A-11D0-8D11-00A0C91BC942}") = "twstest", "twstest\twstest.vcxproj", "{F9EA155B-DC1A-48EE-8376-8A6383FE5818}"
EndProject
Global
	GlobalSection(SolutionConfigurationPlatforms) = preSolution
		Debug|Win32 = Debug|Win32
		Release|Win32 = Release|Win32
	EndGlobalSection
	GlobalSection(ProjectConfigurationPlatforms) = postSolution
		{F9EA155B-DC1A-48EE-8376-8A6383FE5818}.Debug|Win32.ActiveCfg = Debug|Win32
		{F9EA155B-DC1A-48EE-8376-8A6383FE5818}.Debug|Win32.Build.0 = Debug|Win32
		{F9EA155B-DC1A-48EE-8376-8A6383FE5818}.Release|Win32.ActiveCfg = Release|Win32
		{F9EA155B-DC1A-48EE-8376-8A6383FE5818}.Release|Win32.Build.0 = Release|Win32
	EndGlobalSection
	GlobalSection(SolutionProperties) = preSolution
		HideSolutionNode = FALSE
	EndGlobalSection
EndGlobal
